
Microsoft Visual Studio Solution File, Format Version 12.00
# Visual Studio Version 17
VisualStudioVersion = 17.1.32228.430
MinimumVisualStudioVersion = 10.0.40219.1
Project("{FAE04EC0-301F-11D3-BF4B-00C04F79EFBC}") = "Hrana", "Hrana.csproj", "{FFC9116A-1437-4325-9DE9-222C69864949}"
EndProject
Global
	GlobalSection(SolutionConfigurationPlatforms) = preSolution
		Debug|Any CPU = Debug|Any CPU
		Release|Any CPU = Release|Any CPU
	EndGlobalSection
	GlobalSection(ProjectConfigurationPlatforms) = postSolution
		{FFC9116A-1437-4325-9DE9-222C69864949}.Debug|Any CPU.ActiveCfg = Debug|Any CPU
		{FFC9116A-1437-4325-9DE9-222C69864949}.Debug|Any CPU.Build.0 = Debug|Any CPU
		{FFC9116A-1437-4325-9DE9-222C69864949}.Release|Any CPU.ActiveCfg = Release|Any CPU
		{FFC9116A-1437-4325-9DE9-222C69864949}.Release|Any CPU.Build.0 = Release|Any CPU
	EndGlobalSection
	GlobalSection(SolutionProperties) = preSolution
		HideSolutionNode = FALSE
	EndGlobalSection
	GlobalSection(ExtensibilityGlobals) = postSolution
		SolutionGuid = {E6E5E01F-56DF-4346-A153-DFCECFFBDA33}
	EndGlobalSection
EndGlobal
